# This file was autogenerated by Stack.
# You should not edit this file by hand.
# For more information, please see the documentation at:
#   https://docs.haskellstack.org/en/stable/lock_files

packages:
- completed:
    hackage: Yampa-0.13.1@sha256:4612a2646c27bcd3ac55c90dbc34249303e28aa5b3bc3e0c6fa9ce58b889843c,5436
    pantry-tree:
      size: 4039
      sha256: 2ebdfafc0143a66132e1f790fc3909c93654ee89fbe468574c5c2a36070dc6b3
  original:
    hackage: Yampa-0.13.1@sha256:4612a2646c27bcd3ac55c90dbc34249303e28aa5b3bc3e0c6fa9ce58b889843c,5436
- completed:
    hackage: yampa-gloss-0.2@sha256:0c4608397bc06fb364b845759a976b662a097ce4c304aca19ed508336f38fda9,1822
    pantry-tree:
      size: 344
      sha256: e664a0baeebd7b21d85fa72ca8e89edfe94a467b3ceac4b940f7bca2fe4b1adb
  original:
    hackage: yampa-gloss-0.2@sha256:0c4608397bc06fb364b845759a976b662a097ce4c304aca19ed508336f38fda9,1822
snapshots:
- completed:
    size: 567669
    url: https://raw.githubusercontent.com/commercialhaskell/stackage-snapshots/master/lts/17/12.yaml
    sha256: facf6cac73b22a83ca955b580a98a7a09ed71f8f974c7a55d28e608c23e689a9
  original: lts-17.12
